# THIS IS AN AUTOGENERATED FILE. DO NOT EDIT THIS FILE DIRECTLY.
# yarn lockfile v1


dat.gui@0.7.9:
  version "0.7.9"
  resolved "https://registry.yarnpkg.com/dat.gui/-/dat.gui-0.7.9.tgz#860cab06053b028e327820eabdf25a13cf07b17e"
  integrity sha512-sCNc1OHobc+Erc1HqiswYgHdVNpSJUlk/Hz8vzOCsER7rl+oF/4+v8GXFUyCgtXpoCX6+bnmg07DedLvBLwYKQ==

three@0.164.0:
  version "0.164.0"
  resolved "https://registry.yarnpkg.com/three/-/three-0.164.0.tgz#1477b2c77f7eedbd21764063de6fd4c2c1dc833e"
  integrity sha512-bmfVMlDUSiqjR3LxLmIpJRQc4R1z75F/kR9OgJnlI2eVeOyyGkSpjzkLD85WWEKXM9pq5TuUWztf3rKH7P1Fdw==
